
Microsoft Visual Studio Solution File, Format Version 12.00
# Visual Studio Version 17
VisualStudioVersion = 17.7.34024.191
MinimumVisualStudioVersion = 10.0.40219.1
Project("{FAE04EC0-301F-11D3-BF4B-00C04F79EFBC}") = "EF Core – CRUD Assignment", "EF Core – CRUD Assignment\EF Core – CRUD Assignment.csproj", "{4BEA8767-3C20-4200-913F-BB0710E1AB96}"
EndProject
Global
	GlobalSection(SolutionConfigurationPlatforms) = preSolution
		Debug|Any CPU = Debug|Any CPU
		Release|Any CPU = Release|Any CPU
	EndGlobalSection
	GlobalSection(ProjectConfigurationPlatforms) = postSolution
		{4BEA8767-3C20-4200-913F-BB0710E1AB96}.Debug|Any CPU.ActiveCfg = Debug|Any CPU
		{4BEA8767-3C20-4200-913F-BB0710E1AB96}.Debug|Any CPU.Build.0 = Debug|Any CPU
		{4BEA8767-3C20-4200-913F-BB0710E1AB96}.Release|Any CPU.ActiveCfg = Release|Any CPU
		{4BEA8767-3C20-4200-913F-BB0710E1AB96}.Release|Any CPU.Build.0 = Release|Any CPU
	EndGlobalSection
	GlobalSection(SolutionProperties) = preSolution
		HideSolutionNode = FALSE
	EndGlobalSection
	GlobalSection(ExtensibilityGlobals) = postSolution
		SolutionGuid = {8D41028C-6915-4C82-B4BC-C4BE97F9F53E}
	EndGlobalSection
EndGlobal
